format = 1

[[git]]
name = "oppo-mtk-kernel-4.19"
url = "https://github.com/oppo-source/android_kernel_oppo_mtk_4.19.git"
ref = "refs/heads/oppo/mtk_t_13.0.0"
commit = "f1ac3e53f433c6b68e2f6f37191e488d2bd41557"
purpose = "Initial MT6853-compatible Linux 4.19.191 source base"

[[git]]
name = "oppo-mtk-kernel-modules-4.19"
url = "https://github.com/oppo-source/android_kernel_modules_oppo_mtk_4.19.git"
ref = "refs/heads/oppo/mtk_t_13.0.0"
commit = "aa8b40a3f646040b2c58b695373407731718daed"
purpose = "External OPLUS/MediaTek sources referenced by the kernel tree"

[[tool]]
name = "moby-check-config"
url = "https://raw.githubusercontent.com/moby/moby/2fea1c603bf5bfbc1f480383dcf10abe87cbeaf0/contrib/check-config.sh"
commit = "2fea1c603bf5bfbc1f480383dcf10abe87cbeaf0"
sha256 = "fda4343e9b50c47896653ca774ccbe9614bfcdb60f080d2b6277baf27efc0a71"
purpose = "Audit kernel feature support required by Docker Engine"

[[toolchain]]
name = "android-clang-r383902"
url = "https://android.googlesource.com/platform/prebuilts/clang/host/linux-x86/+archive/refs/tags/android-11.0.0_r1/clang-r383902.tar.gz"
ref = "refs/tags/android-11.0.0_r1"
commit = "4d3731f193390a521b189113ee03ce725e043379"
tree = "34feae7abc38fffe258af1842a4c19746368cec6"
size = 342332098
sha256 = "b405185894767ab9eaa23febc7ad549aa970ad3997ff7182f46d545e19c26a86"
purpose = "Exact clang family recorded in the official RT7 kernel build"

[[container]]
name = "debian-bookworm-slim-arm64"
url = "docker.io/library/debian"
ref = "bookworm-slim"
platform = "linux/arm64/v8"
manifest = "sha256:6bd27d44e6c32a66bbd72d7cb2b76a8ae3497ec2e5274a81abd1b37f6013fa1f"
snapshot = "20260824T000000Z"
purpose = "Pinned Debian ARM64 base for SSH and native Docker userspace"

[[git]]
name = "aosp-mkbootimg"
url = "https://android.googlesource.com/platform/system/tools/mkbootimg"
ref = "refs/tags/android-13.0.0_r1"
tag_object = "8f595f25949e15e5d5797a1d0f3bc3f325ccd8b3"
commit = "6cb944b82c819b691bc21d8228e155f1db07a446"
purpose = "Unpack and repack Android boot header v2 images"

[[git]]
name = "aosp-avb"
url = "https://android.googlesource.com/platform/external/avb"
ref = "refs/tags/android-13.0.0_r1"
tag_object = "ddfdf640772c0a2fbc9affb4cddba6cec5258c6d"
commit = "8261ecd67956f6e9647ff5fd4aeb829f75fb3f66"
purpose = "Inspect Android Verified Boot metadata without device writes"

[[git]]
name = "mtkclient"
url = "https://github.com/bkerler/mtkclient.git"
ref = "refs/tags/v2.1.4"
commit = "4d29037104b1f378abedcace89ccd48e8a8aa314"
purpose = "Read-only MediaTek GPT and boot-chain recovery capture"

[[tool]]
name = "usbdk-reference-only"
url = "https://github.com/daynix/UsbDk/releases/download/v1.00-22/UsbDk_1.0.22_x64.msi"
ref = "v1.00-22"
size = 6348800
sha256 = "91f6f695e1e13c656024e6d3b55620bf08d8835ef05ee0496935ba6bb62466a5"
purpose = "Upstream mtkclient Windows fallback; not installed because usbipd-win is preferred"

[[firmware]]
name = "official-android-13-reference"
catalog_url = "https://oukitel.com/pages/download-center"
drive_folder_id = "1VtYQelAQStPexSykWkVSRKdJDMZ2AaBX"
file_id = "1_nsltiSiIPhGimfhKSUIzkfVT7Xu36IJ"
filename = "TP758_OQ_P07_NFC_6853_T0_EEA_V1.4.8_S251017.zip"
size = 2585630382
sha256 = "a54838940bd9d92fbce9aa2fd155f00d9973baecf60f9f273b769f8d28dbcd62"
redistributable = false
purpose = "Recovery reference for the same TP758/P07 NFC/MT6853 Android 13 variant"

[captured]
stock_kernel_release = "4.19.191"
stock_kernel_config_sha256 = "f88570fb45bb35f01aadf088393cff341ef3d00a67995f162f38d1e11f28df2d"
installed_build = "OUKITEL_P07_NFC_EEA_V04_20231205"
expected_installed_firmware = "TP758_OQ_P07_NFC_6853_T0_EEA_V1.2.9_S231205.zip"
official_v148_boot_sha256 = "6dab05265bb57a68ceb244e12ea1b5fa69e660b5fb3bfc9b774c74e83a10b998"
official_v148_dtbo_sha256 = "43f197fc78d8d5f5cd5894a374e32ab4807bcdf6d1a1b385a20a3fee7f829ede"
official_v148_lk_sha256 = "10d2f4a062521bdfc1f5d6a19f237659f62786f851f82da0bca925071e1175a1"
official_v148_kernel_config_sha256 = "7a23f3bbb84466e681e1bbb4552c2e57329a7173ff43cd8d0bcb823bd82c3a38"
official_v148_boot_payload_sha256 = "9808754e3b60e5e82a707c7c1e4eb056d992b8680e0aa82c0d591a15dfb13b26"
official_v148_base_dtb_sha256 = "6aee33f20be015b37779551ae3af9e13554efd4ebd07cd133c76a3ce112ac716"
official_v148_dtbo_entry_sha256 = "470f798d2eef0be5ce2ac71a1eccc6aaf1f51fb1093c55bbdab74dc64b3b11a3"
official_v148_preloader_sha256 = "e76b3bc6f70f263026088c19665d25b900956832efcc448804be921cc765fa26"
